// !$*UTF8*$!
{
	archiveVersion = 1;
	classes = {
	};
	objectVersion = 56;
	objects = {

/* Begin PBXBuildFile section */
		FDC091372E838777007EAB66 /* PomodoroTimerApp.swift in Sources */ = {isa = PBXBuildFile; fileRef = FDC091362E838777007EAB66 /* PomodoroTimerApp.swift */; };
		FDC091392E838777007EAB66 /* ContentView.swift in Sources */ = {isa = PBXBuildFile; fileRef = FDC091382E838777007EAB66 /* ContentView.swift */; };
		FDC0913B2E838779007EAB66 /* Assets.xcassets in Resources */ = {isa = PBXBuildFile; fileRef = FDC0913A2E838779007EAB66 /* Assets.xcassets */; };
		FDC0913E2E838779007EAB66 /* Preview Assets.xcassets in Resources */ = {isa = PBXBuildFile; fileRef = FDC0913D2E838779007EAB66 /* Preview Assets.xcassets */; };
		FDC091482E838779007EAB66 /* PomodoroTimerTests.swift in Sources */ = {isa = PBXBuildFile; fileRef = FDC091472E838779007EAB66 /* PomodoroTimerTests.swift */; };
		FDC091522E838779007EAB66 /* PomodoroTimerUITests.swift in Sources */ = {isa = PBXBuildFile; fileRef = FDC091512E838779007EAB66 /* PomodoroTimerUITests.swift */; };
		FDC091542E838779007EAB66 /* PomodoroTimerUITestsLaunchTests.swift in Sources */ = {isa = PBXBuildFile; fileRef = FDC091532E838779007EAB66 /* PomodoroTimerUITestsLaunchTests.swift */; };
/* End PBXBuildFile section */

/* Begin PBXContainerItemProxy section */
		FDC091442E838779007EAB66 /* PBXContainerItemProxy */ = {
			isa = PBXContainerItemProxy;
			containerPortal = FDC0912B2E838777007EAB66 /* Project object */;
			proxyType = 1;
			remoteGlobalIDString = FDC091322E838777007EAB66;
			remoteInfo = PomodoroTimer;
		};
		FDC0914E2E838779007EAB66 /* PBXContainerItemProxy */ = {
			isa = PBXContainerItemProxy;
			containerPortal = FDC0912B2E838777007EAB66 /* Project object */;
			proxyType = 1;
			remoteGlobalIDString = FDC091322E838777007EAB66;
			remoteInfo = PomodoroTimer;
		};
/* End PBXContainerItemProxy section */

/* Begin PBXFileReference section */
		FDC091332E838777007EAB66 /* PomodoroTimer.app */ = {isa = PBXFileReference; explicitFileType = wrapper.application; includeInIndex = 0; path = PomodoroTimer.app; sourceTree = BUILT_PRODUCTS_DIR; };
		FDC091362E838777007EAB66 /* PomodoroTimerApp.swift */ = {isa = PBXFileReference; lastKnownFileType = sourcecode.swift; path = PomodoroTimerApp.swift; sourceTree = "<group>"; };
		FDC091382E838777007EAB66 /* ContentView.swift */ = {isa = PBXFileReference; lastKnownFileType = sourcecode.swift; path = ContentView.swift; sourceTree = "<group>"; };
		FDC0913A2E838779007EAB66 /* Assets.xcassets */ = {isa = PBXFileReference; lastKnownFileType = folder.assetcatalog; path = Assets.xcassets; sourceTree = "<group>"; };
		FDC0913D2E838779007EAB66 /* Preview Assets.xcassets */ = {isa = PBXFileReference; lastKnownFileType = folder.assetcatalog; path = "Preview Assets.xcassets"; sourceTree = "<group>"; };
		FDC091432E838779007EAB66 /* PomodoroTimerTests.xctest */ = {isa = PBXFileReference; explicitFileType = wrapper.cfbundle; includeInIndex = 0; path = PomodoroTimerTests.xctest; sourceTree = BUILT_PRODUCTS_DIR; };
		FDC091472E838779007EAB66 /* PomodoroTimerTests.swift */ = {isa = PBXFileReference; lastKnownFileType = sourcecode.swift; path = PomodoroTimerTests.swift; sourceTree = "<group>"; };
		FDC0914D2E838779007EAB66 /* PomodoroTimerUITests.xctest */ = {isa = PBXFileReference; explicitFileType = wrapper.cfbundle; includeInIndex = 0; path = PomodoroTimerUITests.xctest; sourceTree = BUILT_PRODUCTS_DIR; };
		FDC091512E838779007EAB66 /* PomodoroTimerUITests.swift */ = {isa = PBXFileReference; lastKnownFileType = sourcecode.swift; path = PomodoroTimerUITests.swift; sourceTree = "<group>"; };
		FDC091532E838779007EAB66 /* PomodoroTimerUITestsLaunchTests.swift */ = {isa = PBXFileReference; lastKnownFileType = sourcecode.swift; path = PomodoroTimerUITestsLaunchTests.swift; sourceTree = "<group>"; };
/* End PBXFileReference section */

/* Begin PBXFrameworksBuildPhase section */
		FDC091302E838777007EAB66 /* Frameworks */ = {
			isa = PBXFrameworksBuildPhase;
			buildActionMask = 2147483647;
			files = (
			);
			runOnlyForDeploymentPostprocessing = 0;
		};
		FDC091402E838779007EAB66 /* Frameworks */ = {
			isa = PBXFrameworksBuildPhase;
			buildActionMask = 2147483647;
			files = (
			);
			runOnlyForDeploymentPostprocessing = 0;
		};
		FDC0914A2E838779007EAB66 /* Frameworks */ = {
			isa = PBXFrameworksBuildPhase;
			buildActionMask = 2147483647;
			files = (
			);
			runOnlyForDeploymentPostprocessing = 0;
		};
/* End PBXFrameworksBuildPhase section */

/* Begin PBXGroup section */
		FDC0912A2E838777007EAB66 = {
			isa = PBXGroup;
			children = (
				FDC091352E838777007EAB66 /* PomodoroTimer */,
				FDC091462E838779007EAB66 /* PomodoroTimerTests */,
				FDC091502E838779007EAB66 /* PomodoroTimerUITests */,
				FDC091342E838777007EAB66 /* Products */,
			);
			sourceTree = "<group>";
		};
		FDC091342E838777007EAB66 /* Products */ = {
			isa = PBXGroup;
			children = (
				FDC091332E838777007EAB66 /* PomodoroTimer.app */,
				FDC091432E838779007EAB66 /* PomodoroTimerTests.xctest */,
				FDC0914D2E838779007EAB66 /* PomodoroTimerUITests.xctest */,
			);
			name = Products;
			sourceTree = "<group>";
		};
		FDC091352E838777007EAB66 /* PomodoroTimer */ = {
			isa = PBXGroup;
			children = (
				FDC091362E838777007EAB66 /* PomodoroTimerApp.swift */,
				FDC091382E838777007EAB66 /* ContentView.swift */,
				FDC0913A2E838779007EAB66 /* Assets.xcassets */,
				FDC0913C2E838779007EAB66 /* Preview Content */,
			);
			path = PomodoroTimer;
			sourceTree = "<group>";
		};
		FDC0913C2E838779007EAB66 /* Preview Content */ = {
			isa = PBXGroup;
			children = (
				FDC0913D2E838779007EAB66 /* Preview Assets.xcassets */,
			);
			path = "Preview Content";
			sourceTree = "<group>";
		};
		FDC091462E838779007EAB66 /* PomodoroTimerTests */ = {
			isa = PBXGroup;
			children = (
				FDC091472E838779007EAB66 /* PomodoroTimerTests.swift */,
			);
			path = PomodoroTimerTests;
			sourceTree = "<group>";
		};
		FDC091502E838779007EAB66 /* PomodoroTimerUITests */ = {
			isa = PBXGroup;
			children = (
				FDC091512E838779007EAB66 /* PomodoroTimerUITests.swift */,
				FDC091532E838779007EAB66 /* PomodoroTimerUITestsLaunchTests.swift */,
			);
			path = PomodoroTimerUITests;
			sourceTree = "<group>";
		};
/* End PBXGroup section */

/* Begin PBXNativeTarget section */
		FDC091322E838777007EAB66 /* PomodoroTimer */ = {
			isa = PBXNativeTarget;
			buildConfigurationList = FDC091572E838779007EAB66 /* Build configuration list for PBXNativeTarget "PomodoroTimer" */;
			buildPhases = (
				FDC0912F2E838777007EAB66 /* Sources */,
				FDC091302E838777007EAB66 /* Frameworks */,
				FDC091312E838777007EAB66 /* Resources */,
			);
			buildRules = (
			);
			dependencies = (
			);
			name = PomodoroTimer;
			productName = PomodoroTimer;
			productReference = FDC091332E838777007EAB66 /* PomodoroTimer.app */;
			productType = "com.apple.product-type.application";
		};
		FDC091422E838779007EAB66 /* PomodoroTimerTests */ = {
			isa = PBXNativeTarget;
			buildConfigurationList = FDC0915A2E838779007EAB66 /* Build configuration list for PBXNativeTarget "PomodoroTimerTests" */;
			buildPhases = (
				FDC0913F2E838779007EAB66 /* Sources */,
				FDC091402E838779007EAB66 /* Frameworks */,
				FDC091412E838779007EAB66 /* Resources */,
			);
			buildRules = (
			);
			dependencies = (
				FDC091452E838779007EAB66 /* PBXTargetDependency */,
			);
			name = PomodoroTimerTests;
			productName = PomodoroTimerTests;
			productReference = FDC091432E838779007EAB66 /* PomodoroTimerTests.xctest */;
			productType = "com.apple.product-type.bundle.unit-test";
		};
		FDC0914C2E838779007EAB66 /* PomodoroTimerUITests */ = {
			isa = PBXNativeTarget;
			buildConfigurationList = FDC0915D2E838779007EAB66 /* Build configuration list for PBXNativeTarget "PomodoroTimerUITests" */;
			buildPhases = (
				FDC091492E838779007EAB66 /* Sources */,
				FDC0914A2E838779007EAB66 /* Frameworks */,
				FDC0914B2E838779007EAB66 /* Resources */,
			);
			buildRules = (
			);
			dependencies = (
				FDC0914F2E838779007EAB66 /* PBXTargetDependency */,
			);
			name = PomodoroTimerUITests;
			productName = PomodoroTimerUITests;
			productReference = FDC0914D2E838779007EAB66 /* PomodoroTimerUITests.xctest */;
			productType = "com.apple.product-type.bundle.ui-testing";
		};
/* End PBXNativeTarget section */

/* Begin PBXProject section */
		FDC0912B2E838777007EAB66 /* Project object */ = {
			isa = PBXProject;
			attributes = {
				BuildIndependentTargetsInParallel = 1;
				LastSwiftUpdateCheck = 1540;
				LastUpgradeCheck = 1540;
				TargetAttributes = {
					FDC091322E838777007EAB66 = {
						CreatedOnToolsVersion = 15.4;
					};
					FDC091422E838779007EAB66 = {
						CreatedOnToolsVersion = 15.4;
						TestTargetID = FDC091322E838777007EAB66;
					};
					FDC0914C2E838779007EAB66 = {
						CreatedOnToolsVersion = 15.4;
						TestTargetID = FDC091322E838777007EAB66;
					};
				};
			};
			buildConfigurationList = FDC0912E2E838777007EAB66 /* Build configuration list for PBXProject "PomodoroTimer" */;
			compatibilityVersion = "Xcode 14.0";
			developmentRegion = en;
			hasScannedForEncodings = 0;
			knownRegions = (
				en,
				Base,
			);
			mainGroup = FDC0912A2E838777007EAB66;
			productRefGroup = FDC091342E838777007EAB66 /* Products */;
			projectDirPath = "";
			projectRoot = "";
			targets = (
				FDC091322E838777007EAB66 /* PomodoroTimer */,
				FDC091422E838779007EAB66 /* PomodoroTimerTests */,
				FDC0914C2E838779007EAB66 /* PomodoroTimerUITests */,
			);
		};
/* End PBXProject section */

/* Begin PBXResourcesBuildPhase section */
		FDC091312E838777007EAB66 /* Resources */ = {
			isa = PBXResourcesBuildPhase;
			buildActionMask = 2147483647;
			files = (
				FDC0913E2E838779007EAB66 /* Preview Assets.xcassets in Resources */,
				FDC0913B2E838779007EAB66 /* Assets.xcassets in Resources */,
			);
			runOnlyForDeploymentPostprocessing = 0;
		};
		FDC091412E838779007EAB66 /* Resources */ = {
			isa = PBXResourcesBuildPhase;
			buildActionMask = 2147483647;
			files = (
			);
			runOnlyForDeploymentPostprocessing = 0;
		};
		FDC0914B2E838779007EAB66 /* Resources */ = {
			isa = PBXResourcesBuildPhase;
			buildActionMask = 2147483647;
			files = (
			);
			runOnlyForDeploymentPostprocessing = 0;
		};
/* End PBXResourcesBuildPhase section */

/* Begin PBXSourcesBuildPhase section */
		FDC0912F2E838777007EAB66 /* Sources */ = {
			isa = PBXSourcesBuildPhase;
			buildActionMask = 2147483647;
			files = (
				FDC091392E838777007EAB66 /* ContentView.swift in Sources */,
				FDC091372E838777007EAB66 /* PomodoroTimerApp.swift in Sources */,
			);
			runOnlyForDeploymentPostprocessing = 0;
		};
		FDC0913F2E838779007EAB66 /* Sources */ = {
			isa = PBXSourcesBuildPhase;
			buildActionMask = 2147483647;
			files = (
				FDC091482E838779007EAB66 /* PomodoroTimerTests.swift in Sources */,
			);
			runOnlyForDeploymentPostprocessing = 0;
		};
		FDC091492E838779007EAB66 /* Sources */ = {
			isa = PBXSourcesBuildPhase;
			buildActionMask = 2147483647;
			files = (
				FDC091522E838779007EAB66 /* PomodoroTimerUITests.swift in Sources */,
				FDC091542E838779007EAB66 /* PomodoroTimerUITestsLaunchTests.swift in Sources */,
			);
			runOnlyForDeploymentPostprocessing = 0;
		};
/* End PBXSourcesBuildPhase section */

/* Begin PBXTargetDependency section */
		FDC091452E838779007EAB66 /* PBXTargetDependency */ = {
			isa = PBXTargetDependency;
			target = FDC091322E838777007EAB66 /* PomodoroTimer */;
			targetProxy = FDC091442E838779007EAB66 /* PBXContainerItemProxy */;
		};
		FDC0914F2E838779007EAB66 /* PBXTargetDependency */ = {
			isa = PBXTargetDependency;
			target = FDC091322E838777007EAB66 /* PomodoroTimer */;
			targetProxy = FDC0914E2E838779007EAB66 /* PBXContainerItemProxy */;
		};
/* End PBXTargetDependency section */

/* Begin XCBuildConfiguration section */
		FDC091552E838779007EAB66 /* Debug */ = {
			isa = XCBuildConfiguration;
			buildSettings = {
				ALWAYS_SEARCH_USER_PATHS = NO;
				ASSETCATALOG_COMPILER_GENERATE_SWIFT_ASSET_SYMBOL_EXTENSIONS = YES;
				CLANG_ANALYZER_NONNULL = YES;
				CLANG_ANALYZER_NUMBER_OBJECT_CONVERSION = YES_AGGRESSIVE;
				CLANG_CXX_LANGUAGE_STANDARD = "gnu++20";
				CLANG_ENABLE_MODULES = YES;
				CLANG_ENABLE_OBJC_ARC = YES;
				CLANG_ENABLE_OBJC_WEAK = YES;
				CLANG_WARN_BLOCK_CAPTURE_AUTORELEASING = YES;
				CLANG_WARN_BOOL_CONVERSION = YES;
				CLANG_WARN_COMMA = YES;
				CLANG_WARN_CONSTANT_CONVERSION = YES;
				CLANG_WARN_DEPRECATED_OBJC_IMPLEMENTATIONS = YES;
				CLANG_WARN_DIRECT_OBJC_ISA_USAGE = YES_ERROR;
				CLANG_WARN_DOCUMENTATION_COMMENTS = YES;
				CLANG_WARN_EMPTY_BODY = YES;
				CLANG_WARN_ENUM_CONVERSION = YES;
				CLANG_WARN_INFINITE_RECURSION = YES;
				CLANG_WARN_INT_CONVERSION = YES;
				CLANG_WARN_NON_LITERAL_NULL_CONVERSION = YES;
				CLANG_WARN_OBJC_IMPLICIT_RETAIN_SELF = YES;
				CLANG_WARN_OBJC_LITERAL_CONVERSION = YES;
				CLANG_WARN_OBJC_ROOT_CLASS = YES_ERROR;
				CLANG_WARN_QUOTED_INCLUDE_IN_FRAMEWORK_HEADER = YES;
				CLANG_WARN_RANGE_LOOP_ANALYSIS = YES;
				CLANG_WARN_STRICT_PROTOTYPES = YES;
				CLANG_WARN_SUSPICIOUS_MOVE = YES;
				CLANG_WARN_UNGUARDED_AVAILABILITY = YES_AGGRESSIVE;
				CLANG_WARN_UNREACHABLE_CODE = YES;
				CLANG_WARN__DUPLICATE_METHOD_MATCH = YES;
				COPY_PHASE_STRIP = NO;
				DEBUG_INFORMATION_FORMAT = dwarf;
				ENABLE_STRICT_OBJC_MSGSEND = YES;
				ENABLE_TESTABILITY = YES;
				ENABLE_USER_SCRIPT_SANDBOXING = YES;
				GCC_C_LANGUAGE_STANDARD = gnu17;
				GCC_DYNAMIC_NO_PIC = NO;
				GCC_NO_COMMON_BLOCKS = YES;
				GCC_OPTIMIZATION_LEVEL = 0;
				GCC_PREPROCESSOR_DEFINITIONS = (
					"DEBUG=1",
					"$(inherited)",
				);
				GCC_WARN_64_TO_32_BIT_CONVERSION = YES;
				GCC_WARN_ABOUT_RETURN_TYPE = YES_ERROR;
				GCC_WARN_UNDECLARED_SELECTOR = YES;
				GCC_WARN_UNINITIALIZED_AUTOS = YES_AGGRESSIVE;
				GCC_WARN_UNUSED_FUNCTION = YES;
				GCC_WARN_UNUSED_VARIABLE = YES;
				IPHONEOS_DEPLOYMENT_TARGET = 17.5;
				LOCALIZATION_PREFERS_STRING_CATALOGS = YES;
				MTL_ENABLE_DEBUG_INFO = INCLUDE_SOURCE;
				MTL_FAST_MATH = YES;
				ONLY_ACTIVE_ARCH = YES;
				SDKROOT = iphoneos;
				SWIFT_ACTIVE_COMPILATION_CONDITIONS = "DEBUG $(inherited)";
				SWIFT_OPTIMIZATION_LEVEL = "-Onone";
			};
			name = Debug;
		};
		FDC091562E838779007EAB66 /* Release */ = {
			isa = XCBuildConfiguration;
			buildSettings = {
				ALWAYS_SEARCH_USER_PATHS = NO;
				ASSETCATALOG_COMPILER_GENERATE_SWIFT_ASSET_SYMBOL_EXTENSIONS = YES;
				CLANG_ANALYZER_NONNULL = YES;
				CLANG_ANALYZER_NUMBER_OBJECT_CONVERSION = YES_AGGRESSIVE;
				CLANG_CXX_LANGUAGE_STANDARD = "gnu++20";
				CLANG_ENABLE_MODULES = YES;
				CLANG_ENABLE_OBJC_ARC = YES;
				CLANG_ENABLE_OBJC_WEAK = YES;
				CLANG_WARN_BLOCK_CAPTURE_AUTORELEASING = YES;
				CLANG_WARN_BOOL_CONVERSION = YES;
				CLANG_WARN_COMMA = YES;
				CLANG_WARN_CONSTANT_CONVERSION = YES;
				CLANG_WARN_DEPRECATED_OBJC_IMPLEMENTATIONS = YES;
				CLANG_WARN_DIRECT_OBJC_ISA_USAGE = YES_ERROR;
				CLANG_WARN_DOCUMENTATION_COMMENTS = YES;
				CLANG_WARN_EMPTY_BODY = YES;
				CLANG_WARN_ENUM_CONVERSION = YES;
				CLANG_WARN_INFINITE_RECURSION = YES;
				CLANG_WARN_INT_CONVERSION = YES;
				CLANG_WARN_NON_LITERAL_NULL_CONVERSION = YES;
				CLANG_WARN_OBJC_IMPLICIT_RETAIN_SELF = YES;
				CLANG_WARN_OBJC_LITERAL_CONVERSION = YES;
				CLANG_WARN_OBJC_ROOT_CLASS = YES_ERROR;
				CLANG_WARN_QUOTED_INCLUDE_IN_FRAMEWORK_HEADER = YES;
				CLANG_WARN_RANGE_LOOP_ANALYSIS = YES;
				CLANG_WARN_STRICT_PROTOTYPES = YES;
				CLANG_WARN_SUSPICIOUS_MOVE = YES;
				CLANG_WARN_UNGUARDED_AVAILABILITY = YES_AGGRESSIVE;
				CLANG_WARN_UNREACHABLE_CODE = YES;
				CLANG_WARN__DUPLICATE_METHOD_MATCH = YES;
				COPY_PHASE_STRIP = NO;
				DEBUG_INFORMATION_FORMAT = "dwarf-with-dsym";
				ENABLE_NS_ASSERTIONS = NO;
				ENABLE_STRICT_OBJC_MSGSEND = YES;
				ENABLE_USER_SCRIPT_SANDBOXING = YES;
				GCC_C_LANGUAGE_STANDARD = gnu17;
				GCC_NO_COMMON_BLOCKS = YES;
				GCC_WARN_64_TO_32_BIT_CONVERSION = YES;
				GCC_WARN_ABOUT_RETURN_TYPE = YES_ERROR;
				GCC_WARN_UNDECLARED_SELECTOR = YES;
				GCC_WARN_UNINITIALIZED_AUTOS = YES_AGGRESSIVE;
				GCC_WARN_UNUSED_FUNCTION = YES;
				GCC_WARN_UNUSED_VARIABLE = YES;
				IPHONEOS_DEPLOYMENT_TARGET = 17.5;
				LOCALIZATION_PREFERS_STRING_CATALOGS = YES;
				MTL_ENABLE_DEBUG_INFO = NO;
				MTL_FAST_MATH = YES;
				SDKROOT = iphoneos;
				SWIFT_COMPILATION_MODE = wholemodule;
				VALIDATE_PRODUCT = YES;
			};
			name = Release;
		};
		FDC091582E838779007EAB66 /* Debug */ = {
			isa = XCBuildConfiguration;
			buildSettings = {
				ASSETCATALOG_COMPILER_APPICON_NAME = AppIcon;
				ASSETCATALOG_COMPILER_GLOBAL_ACCENT_COLOR_NAME = AccentColor;
				CODE_SIGN_STYLE = Automatic;
				CURRENT_PROJECT_VERSION = 1;
				DEVELOPMENT_ASSET_PATHS = "\"PomodoroTimer/Preview Content\"";
				ENABLE_PREVIEWS = YES;
				GENERATE_INFOPLIST_FILE = YES;
				INFOPLIST_KEY_UIApplicationSceneManifest_Generation = YES;
				INFOPLIST_KEY_UIApplicationSupportsIndirectInputEvents = YES;
				INFOPLIST_KEY_UILaunchScreen_Generation = YES;
				INFOPLIST_KEY_UISupportedInterfaceOrientations_iPad = "UIInterfaceOrientationPortrait UIInterfaceOrientationPortraitUpsideDown UIInterfaceOrientationLandscapeLeft UIInterfaceOrientationLandscapeRight";
				INFOPLIST_KEY_UISupportedInterfaceOrientations_iPhone = "UIInterfaceOrientationPortrait UIInterfaceOrientationLandscapeLeft UIInterfaceOrientationLandscapeRight";
				LD_RUNPATH_SEARCH_PATHS = (
					"$(inherited)",
					"@executable_path/Frameworks",
				);
				MARKETING_VERSION = 1.0;
				PRODUCT_BUNDLE_IDENTIFIER = com.sachi.PomodoroTimer;
				PRODUCT_NAME = "$(TARGET_NAME)";
				SWIFT_EMIT_LOC_STRINGS = YES;
				SWIFT_VERSION = 5.0;
				TARGETED_DEVICE_FAMILY = "1,2";
			};
			name = Debug;
		};
		FDC091592E838779007EAB66 /* Release */ = {
			isa = XCBuildConfiguration;
			buildSettings = {
				ASSETCATALOG_COMPILER_APPICON_NAME = AppIcon;
				ASSETCATALOG_COMPILER_GLOBAL_ACCENT_COLOR_NAME = AccentColor;
				CODE_SIGN_STYLE = Automatic;
				CURRENT_PROJECT_VERSION = 1;
				DEVELOPMENT_ASSET_PATHS = "\"PomodoroTimer/Preview Content\"";
				ENABLE_PREVIEWS = YES;
				GENERATE_INFOPLIST_FILE = YES;
				INFOPLIST_KEY_UIApplicationSceneManifest_Generation = YES;
				INFOPLIST_KEY_UIApplicationSupportsIndirectInputEvents = YES;
				INFOPLIST_KEY_UILaunchScreen_Generation = YES;
				INFOPLIST_KEY_UISupportedInterfaceOrientations_iPad = "UIInterfaceOrientationPortrait UIInterfaceOrientationPortraitUpsideDown UIInterfaceOrientationLandscapeLeft UIInterfaceOrientationLandscapeRight";
				INFOPLIST_KEY_UISupportedInterfaceOrientations_iPhone = "UIInterfaceOrientationPortrait UIInterfaceOrientationLandscapeLeft UIInterfaceOrientationLandscapeRight";
				LD_RUNPATH_SEARCH_PATHS = (
					"$(inherited)",
					"@executable_path/Frameworks",
				);
				MARKETING_VERSION = 1.0;
				PRODUCT_BUNDLE_IDENTIFIER = com.sachi.PomodoroTimer;
				PRODUCT_NAME = "$(TARGET_NAME)";
				SWIFT_EMIT_LOC_STRINGS = YES;
				SWIFT_VERSION = 5.0;
				TARGETED_DEVICE_FAMILY = "1,2";
			};
			name = Release;
		};
		FDC0915B2E838779007EAB66 /* Debug */ = {
			isa = XCBuildConfiguration;
			buildSettings = {
				ALWAYS_EMBED_SWIFT_STANDARD_LIBRARIES = YES;
				BUNDLE_LOADER = "$(TEST_HOST)";
				CODE_SIGN_STYLE = Automatic;
				CURRENT_PROJECT_VERSION = 1;
				GENERATE_INFOPLIST_FILE = YES;
				IPHONEOS_DEPLOYMENT_TARGET = 17.5;
				MARKETING_VERSION = 1.0;
				PRODUCT_BUNDLE_IDENTIFIER = com.sachi.PomodoroTimerTests;
				PRODUCT_NAME = "$(TARGET_NAME)";
				SWIFT_EMIT_LOC_STRINGS = NO;
				SWIFT_VERSION = 5.0;
				TARGETED_DEVICE_FAMILY = "1,2";
				TEST_HOST = "$(BUILT_PRODUCTS_DIR)/PomodoroTimer.app/$(BUNDLE_EXECUTABLE_FOLDER_PATH)/PomodoroTimer";
			};
			name = Debug;
		};
		FDC0915C2E838779007EAB66 /* Release */ = {
			isa = XCBuildConfiguration;
			buildSettings = {
				ALWAYS_EMBED_SWIFT_STANDARD_LIBRARIES = YES;
				BUNDLE_LOADER = "$(TEST_HOST)";
				CODE_SIGN_STYLE = Automatic;
				CURRENT_PROJECT_VERSION = 1;
				GENERATE_INFOPLIST_FILE = YES;
				IPHONEOS_DEPLOYMENT_TARGET = 17.5;
				MARKETING_VERSION = 1.0;
				PRODUCT_BUNDLE_IDENTIFIER = com.sachi.PomodoroTimerTests;
				PRODUCT_NAME = "$(TARGET_NAME)";
				SWIFT_EMIT_LOC_STRINGS = NO;
				SWIFT_VERSION = 5.0;
				TARGETED_DEVICE_FAMILY = "1,2";
				TEST_HOST = "$(BUILT_PRODUCTS_DIR)/PomodoroTimer.app/$(BUNDLE_EXECUTABLE_FOLDER_PATH)/PomodoroTimer";
			};
			name = Release;
		};
		FDC0915E2E838779007EAB66 /* Debug */ = {
			isa = XCBuildConfiguration;
			buildSettings = {
				ALWAYS_EMBED_SWIFT_STANDARD_LIBRARIES = YES;
				CODE_SIGN_STYLE = Automatic;
				CURRENT_PROJECT_VERSION = 1;
				GENERATE_INFOPLIST_FILE = YES;
				MARKETING_VERSION = 1.0;
				PRODUCT_BUNDLE_IDENTIFIER = com.sachi.PomodoroTimerUITests;
				PRODUCT_NAME = "$(TARGET_NAME)";
				SWIFT_EMIT_LOC_STRINGS = NO;
				SWIFT_VERSION = 5.0;
				TARGETED_DEVICE_FAMILY = "1,2";
				TEST_TARGET_NAME = PomodoroTimer;
			};
			name = Debug;
		};
		FDC0915F2E838779007EAB66 /* Release */ = {
			isa = XCBuildConfiguration;
			buildSettings = {
				ALWAYS_EMBED_SWIFT_STANDARD_LIBRARIES = YES;
				CODE_SIGN_STYLE = Automatic;
				CURRENT_PROJECT_VERSION = 1;
				GENERATE_INFOPLIST_FILE = YES;
				MARKETING_VERSION = 1.0;
				PRODUCT_BUNDLE_IDENTIFIER = com.sachi.PomodoroTimerUITests;
				PRODUCT_NAME = "$(TARGET_NAME)";
				SWIFT_EMIT_LOC_STRINGS = NO;
				SWIFT_VERSION = 5.0;
				TARGETED_DEVICE_FAMILY = "1,2";
				TEST_TARGET_NAME = PomodoroTimer;
			};
			name = Release;
		};
/* End XCBuildConfiguration section */

/* Begin XCConfigurationList section */
		FDC0912E2E838777007EAB66 /* Build configuration list for PBXProject "PomodoroTimer" */ = {
			isa = XCConfigurationList;
			buildConfigurations = (
				FDC091552E838779007EAB66 /* Debug */,
				FDC091562E838779007EAB66 /* Release */,
			);
			defaultConfigurationIsVisible = 0;
			defaultConfigurationName = Release;
		};
		FDC091572E838779007EAB66 /* Build configuration list for PBXNativeTarget "PomodoroTimer" */ = {
			isa = XCConfigurationList;
			buildConfigurations = (
				FDC091582E838779007EAB66 /* Debug */,
				FDC091592E838779007EAB66 /* Release */,
			);
			defaultConfigurationIsVisible = 0;
			defaultConfigurationName = Release;
		};
		FDC0915A2E838779007EAB66 /* Build configuration list for PBXNativeTarget "PomodoroTimerTests" */ = {
			isa = XCConfigurationList;
			buildConfigurations = (
				FDC0915B2E838779007EAB66 /* Debug */,
				FDC0915C2E838779007EAB66 /* Release */,
			);
			defaultConfigurationIsVisible = 0;
			defaultConfigurationName = Release;
		};
		FDC0915D2E838779007EAB66 /* Build configuration list for PBXNativeTarget "PomodoroTimerUITests" */ = {
			isa = XCConfigurationList;
			buildConfigurations = (
				FDC0915E2E838779007EAB66 /* Debug */,
				FDC0915F2E838779007EAB66 /* Release */,
			);
			defaultConfigurationIsVisible = 0;
			defaultConfigurationName = Release;
		};
/* End XCConfigurationList section */
	};
	rootObject = FDC0912B2E838777007EAB66 /* Project object */;
}
